// !$*UTF8*$!
{
	archiveVersion = 1;
	classes = {
	};
	objectVersion = 56;
	objects = {

/* Begin PBXBuildFile section */
		C804E5C02E16350E009B312A /* ExamenAITApp.swift in Sources */ = {isa = PBXBuildFile; fileRef = C804E5BF2E16350E009B312A /* ExamenAITApp.swift */; };
		C804E5C42E163515009B312A /* Assets.xcassets in Resources */ = {isa = PBXBuildFile; fileRef = C804E5C32E163515009B312A /* Assets.xcassets */; };
		C804E5C72E163515009B312A /* Preview Assets.xcassets in Resources */ = {isa = PBXBuildFile; fileRef = C804E5C62E163515009B312A /* Preview Assets.xcassets */; };
		C804E5D12E163516009B312A /* ExamenAITTests.swift in Sources */ = {isa = PBXBuildFile; fileRef = C804E5D02E163516009B312A /* ExamenAITTests.swift */; };
		C804E5DB2E163516009B312A /* ExamenAITUITests.swift in Sources */ = {isa = PBXBuildFile; fileRef = C804E5DA2E163516009B312A /* ExamenAITUITests.swift */; };
		C804E5DD2E163516009B312A /* ExamenAITUITestsLaunchTests.swift in Sources */ = {isa = PBXBuildFile; fileRef = C804E5DC2E163516009B312A /* ExamenAITUITestsLaunchTests.swift */; };
		C804E5EE2E16CA26009B312A /* Character.swift in Sources */ = {isa = PBXBuildFile; fileRef = C804E5ED2E16CA25009B312A /* Character.swift */; };
		C804E5F12E16CA6F009B312A /* APIServiceProtocol.swift in Sources */ = {isa = PBXBuildFile; fileRef = C804E5F02E16CA6F009B312A /* APIServiceProtocol.swift */; };
		C804E5F42E16CAE0009B312A /* MockAPIService.swift in Sources */ = {isa = PBXBuildFile; fileRef = C804E5F32E16CAE0009B312A /* MockAPIService.swift */; };
		C804E5F62E16CCAB009B312A /* CharacterListViewModel.swift in Sources */ = {isa = PBXBuildFile; fileRef = C804E5F52E16CCAB009B312A /* CharacterListViewModel.swift */; };
		C804E5F82E16CCCF009B312A /* CharacterDetailViewModel.swift in Sources */ = {isa = PBXBuildFile; fileRef = C804E5F72E16CCCF009B312A /* CharacterDetailViewModel.swift */; };
		C804E5FA2E16CD0F009B312A /* DependencyContainer.swift in Sources */ = {isa = PBXBuildFile; fileRef = C804E5F92E16CD0F009B312A /* DependencyContainer.swift */; };
		C804E5FC2E16CE4A009B312A /* CharacterListView.swift in Sources */ = {isa = PBXBuildFile; fileRef = C804E5FB2E16CE4A009B312A /* CharacterListView.swift */; };
		C804E5FE2E16CE74009B312A /* CharacterDetailView.swift in Sources */ = {isa = PBXBuildFile; fileRef = C804E5FD2E16CE74009B312A /* CharacterDetailView.swift */; };
		C804E6002E16CF2B009B312A /* MapView.swift in Sources */ = {isa = PBXBuildFile; fileRef = C804E5FF2E16CF2B009B312A /* MapView.swift */; };
		C804E6022E16CF7E009B312A /* MapLocation.swift in Sources */ = {isa = PBXBuildFile; fileRef = C804E6012E16CF7E009B312A /* MapLocation.swift */; };
/* End PBXBuildFile section */

/* Begin PBXContainerItemProxy section */
		C804E5CD2E163516009B312A /* PBXContainerItemProxy */ = {
			isa = PBXContainerItemProxy;
			containerPortal = C804E5B42E16350E009B312A /* Project object */;
			proxyType = 1;
			remoteGlobalIDString = C804E5BB2E16350E009B312A;
			remoteInfo = ExamenAIT;
		};
		C804E5D72E163516009B312A /* PBXContainerItemProxy */ = {
			isa = PBXContainerItemProxy;
			containerPortal = C804E5B42E16350E009B312A /* Project object */;
			proxyType = 1;
			remoteGlobalIDString = C804E5BB2E16350E009B312A;
			remoteInfo = ExamenAIT;
		};
/* End PBXContainerItemProxy section */

/* Begin PBXFileReference section */
		C804E5BC2E16350E009B312A /* ExamenAIT.app */ = {isa = PBXFileReference; explicitFileType = wrapper.application; includeInIndex = 0; path = ExamenAIT.app; sourceTree = BUILT_PRODUCTS_DIR; };
		C804E5BF2E16350E009B312A /* ExamenAITApp.swift */ = {isa = PBXFileReference; lastKnownFileType = sourcecode.swift; path = ExamenAITApp.swift; sourceTree = "<group>"; };
		C804E5C32E163515009B312A /* Assets.xcassets */ = {isa = PBXFileReference; lastKnownFileType = folder.assetcatalog; path = Assets.xcassets; sourceTree = "<group>"; };
		C804E5C62E163515009B312A /* Preview Assets.xcassets */ = {isa = PBXFileReference; lastKnownFileType = folder.assetcatalog; path = "Preview Assets.xcassets"; sourceTree = "<group>"; };
		C804E5CC2E163516009B312A /* ExamenAITTests.xctest */ = {isa = PBXFileReference; explicitFileType = wrapper.cfbundle; includeInIndex = 0; path = ExamenAITTests.xctest; sourceTree = BUILT_PRODUCTS_DIR; };
		C804E5D02E163516009B312A /* ExamenAITTests.swift */ = {isa = PBXFileReference; lastKnownFileType = sourcecode.swift; path = ExamenAITTests.swift; sourceTree = "<group>"; };
		C804E5D62E163516009B312A /* ExamenAITUITests.xctest */ = {isa = PBXFileReference; explicitFileType = wrapper.cfbundle; includeInIndex = 0; path = ExamenAITUITests.xctest; sourceTree = BUILT_PRODUCTS_DIR; };
		C804E5DA2E163516009B312A /* ExamenAITUITests.swift */ = {isa = PBXFileReference; lastKnownFileType = sourcecode.swift; path = ExamenAITUITests.swift; sourceTree = "<group>"; };
		C804E5DC2E163516009B312A /* ExamenAITUITestsLaunchTests.swift */ = {isa = PBXFileReference; lastKnownFileType = sourcecode.swift; path = ExamenAITUITestsLaunchTests.swift; sourceTree = "<group>"; };
		C804E5ED2E16CA25009B312A /* Character.swift */ = {isa = PBXFileReference; lastKnownFileType = sourcecode.swift; path = Character.swift; sourceTree = "<group>"; };
		C804E5F02E16CA6F009B312A /* APIServiceProtocol.swift */ = {isa = PBXFileReference; lastKnownFileType = sourcecode.swift; path = APIServiceProtocol.swift; sourceTree = "<group>"; };
		C804E5F32E16CAE0009B312A /* MockAPIService.swift */ = {isa = PBXFileReference; lastKnownFileType = sourcecode.swift; path = MockAPIService.swift; sourceTree = "<group>"; };
		C804E5F52E16CCAB009B312A /* CharacterListViewModel.swift */ = {isa = PBXFileReference; lastKnownFileType = sourcecode.swift; path = CharacterListViewModel.swift; sourceTree = "<group>"; };
		C804E5F72E16CCCF009B312A /* CharacterDetailViewModel.swift */ = {isa = PBXFileReference; lastKnownFileType = sourcecode.swift; path = CharacterDetailViewModel.swift; sourceTree = "<group>"; };
		C804E5F92E16CD0F009B312A /* DependencyContainer.swift */ = {isa = PBXFileReference; lastKnownFileType = sourcecode.swift; path = DependencyContainer.swift; sourceTree = "<group>"; };
		C804E5FB2E16CE4A009B312A /* CharacterListView.swift */ = {isa = PBXFileReference; lastKnownFileType = sourcecode.swift; path = CharacterListView.swift; sourceTree = "<group>"; };
		C804E5FD2E16CE74009B312A /* CharacterDetailView.swift */ = {isa = PBXFileReference; lastKnownFileType = sourcecode.swift; path = CharacterDetailView.swift; sourceTree = "<group>"; };
		C804E5FF2E16CF2B009B312A /* MapView.swift */ = {isa = PBXFileReference; lastKnownFileType = sourcecode.swift; path = MapView.swift; sourceTree = "<group>"; };
		C804E6012E16CF7E009B312A /* MapLocation.swift */ = {isa = PBXFileReference; lastKnownFileType = sourcecode.swift; path = MapLocation.swift; sourceTree = "<group>"; };
/* End PBXFileReference section */

/* Begin PBXFrameworksBuildPhase section */
		C804E5B92E16350E009B312A /* Frameworks */ = {
			isa = PBXFrameworksBuildPhase;
			buildActionMask = 2147483647;
			files = (
			);
			runOnlyForDeploymentPostprocessing = 0;
		};
		C804E5C92E163516009B312A /* Frameworks */ = {
			isa = PBXFrameworksBuildPhase;
			buildActionMask = 2147483647;
			files = (
			);
			runOnlyForDeploymentPostprocessing = 0;
		};
		C804E5D32E163516009B312A /* Frameworks */ = {
			isa = PBXFrameworksBuildPhase;
			buildActionMask = 2147483647;
			files = (
			);
			runOnlyForDeploymentPostprocessing = 0;
		};
/* End PBXFrameworksBuildPhase section */

/* Begin PBXGroup section */
		C804E5B32E16350E009B312A = {
			isa = PBXGroup;
			children = (
				C804E5BE2E16350E009B312A /* ExamenAIT */,
				C804E5CF2E163516009B312A /* ExamenAITTests */,
				C804E5D92E163516009B312A /* ExamenAITUITests */,
				C804E5BD2E16350E009B312A /* Products */,
			);
			sourceTree = "<group>";
		};
		C804E5BD2E16350E009B312A /* Products */ = {
			isa = PBXGroup;
			children = (
				C804E5BC2E16350E009B312A /* ExamenAIT.app */,
				C804E5CC2E163516009B312A /* ExamenAITTests.xctest */,
				C804E5D62E163516009B312A /* ExamenAITUITests.xctest */,
			);
			name = Products;
			sourceTree = "<group>";
		};
		C804E5BE2E16350E009B312A /* ExamenAIT */ = {
			isa = PBXGroup;
			children = (
				C804E5EC2E16C93A009B312A /* Models */,
				C804E5EF2E16CA4B009B312A /* Protocols */,
				C804E5EB2E16C931009B312A /* Services */,
				C804E5F22E16CAB9009B312A /* Utils */,
				C804E5EA2E16C925009B312A /* ViewModels */,
				C804E5E92E16C91D009B312A /* Views */,
				C804E5BF2E16350E009B312A /* ExamenAITApp.swift */,
				C804E5C32E163515009B312A /* Assets.xcassets */,
				C804E5C52E163515009B312A /* Preview Content */,
			);
			path = ExamenAIT;
			sourceTree = "<group>";
		};
		C804E5C52E163515009B312A /* Preview Content */ = {
			isa = PBXGroup;
			children = (
				C804E5C62E163515009B312A /* Preview Assets.xcassets */,
			);
			path = "Preview Content";
			sourceTree = "<group>";
		};
		C804E5CF2E163516009B312A /* ExamenAITTests */ = {
			isa = PBXGroup;
			children = (
				C804E5D02E163516009B312A /* ExamenAITTests.swift */,
			);
			path = ExamenAITTests;
			sourceTree = "<group>";
		};
		C804E5D92E163516009B312A /* ExamenAITUITests */ = {
			isa = PBXGroup;
			children = (
				C804E5DA2E163516009B312A /* ExamenAITUITests.swift */,
				C804E5DC2E163516009B312A /* ExamenAITUITestsLaunchTests.swift */,
			);
			path = ExamenAITUITests;
			sourceTree = "<group>";
		};
		C804E5E92E16C91D009B312A /* Views */ = {
			isa = PBXGroup;
			children = (
				C804E5FB2E16CE4A009B312A /* CharacterListView.swift */,
				C804E5FD2E16CE74009B312A /* CharacterDetailView.swift */,
				C804E5FF2E16CF2B009B312A /* MapView.swift */,
			);
			path = Views;
			sourceTree = "<group>";
		};
		C804E5EA2E16C925009B312A /* ViewModels */ = {
			isa = PBXGroup;
			children = (
				C804E5F52E16CCAB009B312A /* CharacterListViewModel.swift */,
				C804E5F72E16CCCF009B312A /* CharacterDetailViewModel.swift */,
			);
			path = ViewModels;
			sourceTree = "<group>";
		};
		C804E5EB2E16C931009B312A /* Services */ = {
			isa = PBXGroup;
			children = (
				C804E5F32E16CAE0009B312A /* MockAPIService.swift */,
			);
			path = Services;
			sourceTree = "<group>";
		};
		C804E5EC2E16C93A009B312A /* Models */ = {
			isa = PBXGroup;
			children = (
				C804E5ED2E16CA25009B312A /* Character.swift */,
				C804E6012E16CF7E009B312A /* MapLocation.swift */,
			);
			path = Models;
			sourceTree = "<group>";
		};
		C804E5EF2E16CA4B009B312A /* Protocols */ = {
			isa = PBXGroup;
			children = (
				C804E5F02E16CA6F009B312A /* APIServiceProtocol.swift */,
			);
			path = Protocols;
			sourceTree = "<group>";
		};
		C804E5F22E16CAB9009B312A /* Utils */ = {
			isa = PBXGroup;
			children = (
				C804E5F92E16CD0F009B312A /* DependencyContainer.swift */,
			);
			path = Utils;
			sourceTree = "<group>";
		};
/* End PBXGroup section */

/* Begin PBXNativeTarget section */
		C804E5BB2E16350E009B312A /* ExamenAIT */ = {
			isa = PBXNativeTarget;
			buildConfigurationList = C804E5E02E163516009B312A /* Build configuration list for PBXNativeTarget "ExamenAIT" */;
			buildPhases = (
				C804E5B82E16350E009B312A /* Sources */,
				C804E5B92E16350E009B312A /* Frameworks */,
				C804E5BA2E16350E009B312A /* Resources */,
			);
			buildRules = (
			);
			dependencies = (
			);
			name = ExamenAIT;
			productName = ExamenAIT;
			productReference = C804E5BC2E16350E009B312A /* ExamenAIT.app */;
			productType = "com.apple.product-type.application";
		};
		C804E5CB2E163516009B312A /* ExamenAITTests */ = {
			isa = PBXNativeTarget;
			buildConfigurationList = C804E5E32E163516009B312A /* Build configuration list for PBXNativeTarget "ExamenAITTests" */;
			buildPhases = (
				C804E5C82E163516009B312A /* Sources */,
				C804E5C92E163516009B312A /* Frameworks */,
				C804E5CA2E163516009B312A /* Resources */,
			);
			buildRules = (
			);
			dependencies = (
				C804E5CE2E163516009B312A /* PBXTargetDependency */,
			);
			name = ExamenAITTests;
			productName = ExamenAITTests;
			productReference = C804E5CC2E163516009B312A /* ExamenAITTests.xctest */;
			productType = "com.apple.product-type.bundle.unit-test";
		};
		C804E5D52E163516009B312A /* ExamenAITUITests */ = {
			isa = PBXNativeTarget;
			buildConfigurationList = C804E5E62E163516009B312A /* Build configuration list for PBXNativeTarget "ExamenAITUITests" */;
			buildPhases = (
				C804E5D22E163516009B312A /* Sources */,
				C804E5D32E163516009B312A /* Frameworks */,
				C804E5D42E163516009B312A /* Resources */,
			);
			buildRules = (
			);
			dependencies = (
				C804E5D82E163516009B312A /* PBXTargetDependency */,
			);
			name = ExamenAITUITests;
			productName = ExamenAITUITests;
			productReference = C804E5D62E163516009B312A /* ExamenAITUITests.xctest */;
			productType = "com.apple.product-type.bundle.ui-testing";
		};
/* End PBXNativeTarget section */

/* Begin PBXProject section */
		C804E5B42E16350E009B312A /* Project object */ = {
			isa = PBXProject;
			attributes = {
				BuildIndependentTargetsInParallel = 1;
				LastSwiftUpdateCheck = 1520;
				LastUpgradeCheck = 1520;
				TargetAttributes = {
					C804E5BB2E16350E009B312A = {
						CreatedOnToolsVersion = 15.2;
					};
					C804E5CB2E163516009B312A = {
						CreatedOnToolsVersion = 15.2;
						TestTargetID = C804E5BB2E16350E009B312A;
					};
					C804E5D52E163516009B312A = {
						CreatedOnToolsVersion = 15.2;
						TestTargetID = C804E5BB2E16350E009B312A;
					};
				};
			};
			buildConfigurationList = C804E5B72E16350E009B312A /* Build configuration list for PBXProject "ExamenAIT" */;
			compatibilityVersion = "Xcode 14.0";
			developmentRegion = en;
			hasScannedForEncodings = 0;
			knownRegions = (
				en,
				Base,
			);
			mainGroup = C804E5B32E16350E009B312A;
			productRefGroup = C804E5BD2E16350E009B312A /* Products */;
			projectDirPath = "";
			projectRoot = "";
			targets = (
				C804E5BB2E16350E009B312A /* ExamenAIT */,
				C804E5CB2E163516009B312A /* ExamenAITTests */,
				C804E5D52E163516009B312A /* ExamenAITUITests */,
			);
		};
/* End PBXProject section */

/* Begin PBXResourcesBuildPhase section */
		C804E5BA2E16350E009B312A /* Resources */ = {
			isa = PBXResourcesBuildPhase;
			buildActionMask = 2147483647;
			files = (
				C804E5C72E163515009B312A /* Preview Assets.xcassets in Resources */,
				C804E5C42E163515009B312A /* Assets.xcassets in Resources */,
			);
			runOnlyForDeploymentPostprocessing = 0;
		};
		C804E5CA2E163516009B312A /* Resources */ = {
			isa = PBXResourcesBuildPhase;
			buildActionMask = 2147483647;
			files = (
			);
			runOnlyForDeploymentPostprocessing = 0;
		};
		C804E5D42E163516009B312A /* Resources */ = {
			isa = PBXResourcesBuildPhase;
			buildActionMask = 2147483647;
			files = (
			);
			runOnlyForDeploymentPostprocessing = 0;
		};
/* End PBXResourcesBuildPhase section */

/* Begin PBXSourcesBuildPhase section */
		C804E5B82E16350E009B312A /* Sources */ = {
			isa = PBXSourcesBuildPhase;
			buildActionMask = 2147483647;
			files = (
				C804E5F82E16CCCF009B312A /* CharacterDetailViewModel.swift in Sources */,
				C804E5F12E16CA6F009B312A /* APIServiceProtocol.swift in Sources */,
				C804E5F42E16CAE0009B312A /* MockAPIService.swift in Sources */,
				C804E6002E16CF2B009B312A /* MapView.swift in Sources */,
				C804E5FC2E16CE4A009B312A /* CharacterListView.swift in Sources */,
				C804E5EE2E16CA26009B312A /* Character.swift in Sources */,
				C804E5FE2E16CE74009B312A /* CharacterDetailView.swift in Sources */,
				C804E6022E16CF7E009B312A /* MapLocation.swift in Sources */,
				C804E5F62E16CCAB009B312A /* CharacterListViewModel.swift in Sources */,
				C804E5FA2E16CD0F009B312A /* DependencyContainer.swift in Sources */,
				C804E5C02E16350E009B312A /* ExamenAITApp.swift in Sources */,
			);
			runOnlyForDeploymentPostprocessing = 0;
		};
		C804E5C82E163516009B312A /* Sources */ = {
			isa = PBXSourcesBuildPhase;
			buildActionMask = 2147483647;
			files = (
				C804E5D12E163516009B312A /* ExamenAITTests.swift in Sources */,
			);
			runOnlyForDeploymentPostprocessing = 0;
		};
		C804E5D22E163516009B312A /* Sources */ = {
			isa = PBXSourcesBuildPhase;
			buildActionMask = 2147483647;
			files = (
				C804E5DB2E163516009B312A /* ExamenAITUITests.swift in Sources */,
				C804E5DD2E163516009B312A /* ExamenAITUITestsLaunchTests.swift in Sources */,
			);
			runOnlyForDeploymentPostprocessing = 0;
		};
/* End PBXSourcesBuildPhase section */

/* Begin PBXTargetDependency section */
		C804E5CE2E163516009B312A /* PBXTargetDependency */ = {
			isa = PBXTargetDependency;
			target = C804E5BB2E16350E009B312A /* ExamenAIT */;
			targetProxy = C804E5CD2E163516009B312A /* PBXContainerItemProxy */;
		};
		C804E5D82E163516009B312A /* PBXTargetDependency */ = {
			isa = PBXTargetDependency;
			target = C804E5BB2E16350E009B312A /* ExamenAIT */;
			targetProxy = C804E5D72E163516009B312A /* PBXContainerItemProxy */;
		};
/* End PBXTargetDependency section */

/* Begin XCBuildConfiguration section */
		C804E5DE2E163516009B312A /* Debug */ = {
			isa = XCBuildConfiguration;
			buildSettings = {
				ALWAYS_SEARCH_USER_PATHS = NO;
				ASSETCATALOG_COMPILER_GENERATE_SWIFT_ASSET_SYMBOL_EXTENSIONS = YES;
				CLANG_ANALYZER_NONNULL = YES;
				CLANG_ANALYZER_NUMBER_OBJECT_CONVERSION = YES_AGGRESSIVE;
				CLANG_CXX_LANGUAGE_STANDARD = "gnu++20";
				CLANG_ENABLE_MODULES = YES;
				CLANG_ENABLE_OBJC_ARC = YES;
				CLANG_ENABLE_OBJC_WEAK = YES;
				CLANG_WARN_BLOCK_CAPTURE_AUTORELEASING = YES;
				CLANG_WARN_BOOL_CONVERSION = YES;
				CLANG_WARN_COMMA = YES;
				CLANG_WARN_CONSTANT_CONVERSION = YES;
				CLANG_WARN_DEPRECATED_OBJC_IMPLEMENTATIONS = YES;
				CLANG_WARN_DIRECT_OBJC_ISA_USAGE = YES_ERROR;
				CLANG_WARN_DOCUMENTATION_COMMENTS = YES;
				CLANG_WARN_EMPTY_BODY = YES;
				CLANG_WARN_ENUM_CONVERSION = YES;
				CLANG_WARN_INFINITE_RECURSION = YES;
				CLANG_WARN_INT_CONVERSION = YES;
				CLANG_WARN_NON_LITERAL_NULL_CONVERSION = YES;
				CLANG_WARN_OBJC_IMPLICIT_RETAIN_SELF = YES;
				CLANG_WARN_OBJC_LITERAL_CONVERSION = YES;
				CLANG_WARN_OBJC_ROOT_CLASS = YES_ERROR;
				CLANG_WARN_QUOTED_INCLUDE_IN_FRAMEWORK_HEADER = YES;
				CLANG_WARN_RANGE_LOOP_ANALYSIS = YES;
				CLANG_WARN_STRICT_PROTOTYPES = YES;
				CLANG_WARN_SUSPICIOUS_MOVE = YES;
				CLANG_WARN_UNGUARDED_AVAILABILITY = YES_AGGRESSIVE;
				CLANG_WARN_UNREACHABLE_CODE = YES;
				CLANG_WARN__DUPLICATE_METHOD_MATCH = YES;
				COPY_PHASE_STRIP = NO;
				DEBUG_INFORMATION_FORMAT = dwarf;
				ENABLE_STRICT_OBJC_MSGSEND = YES;
				ENABLE_TESTABILITY = YES;
				ENABLE_USER_SCRIPT_SANDBOXING = YES;
				GCC_C_LANGUAGE_STANDARD = gnu17;
				GCC_DYNAMIC_NO_PIC = NO;
				GCC_NO_COMMON_BLOCKS = YES;
				GCC_OPTIMIZATION_LEVEL = 0;
				GCC_PREPROCESSOR_DEFINITIONS = (
					"DEBUG=1",
					"$(inherited)",
				);
				GCC_WARN_64_TO_32_BIT_CONVERSION = YES;
				GCC_WARN_ABOUT_RETURN_TYPE = YES_ERROR;
				GCC_WARN_UNDECLARED_SELECTOR = YES;
				GCC_WARN_UNINITIALIZED_AUTOS = YES_AGGRESSIVE;
				GCC_WARN_UNUSED_FUNCTION = YES;
				GCC_WARN_UNUSED_VARIABLE = YES;
				IPHONEOS_DEPLOYMENT_TARGET = 17.2;
				LOCALIZATION_PREFERS_STRING_CATALOGS = YES;
				MTL_ENABLE_DEBUG_INFO = INCLUDE_SOURCE;
				MTL_FAST_MATH = YES;
				ONLY_ACTIVE_ARCH = YES;
				SDKROOT = iphoneos;
				SWIFT_ACTIVE_COMPILATION_CONDITIONS = "DEBUG $(inherited)";
				SWIFT_OPTIMIZATION_LEVEL = "-Onone";
			};
			name = Debug;
		};
		C804E5DF2E163516009B312A /* Release */ = {
			isa = XCBuildConfiguration;
			buildSettings = {
				ALWAYS_SEARCH_USER_PATHS = NO;
				ASSETCATALOG_COMPILER_GENERATE_SWIFT_ASSET_SYMBOL_EXTENSIONS = YES;
				CLANG_ANALYZER_NONNULL = YES;
				CLANG_ANALYZER_NUMBER_OBJECT_CONVERSION = YES_AGGRESSIVE;
				CLANG_CXX_LANGUAGE_STANDARD = "gnu++20";
				CLANG_ENABLE_MODULES = YES;
				CLANG_ENABLE_OBJC_ARC = YES;
				CLANG_ENABLE_OBJC_WEAK = YES;
				CLANG_WARN_BLOCK_CAPTURE_AUTORELEASING = YES;
				CLANG_WARN_BOOL_CONVERSION = YES;
				CLANG_WARN_COMMA = YES;
				CLANG_WARN_CONSTANT_CONVERSION = YES;
				CLANG_WARN_DEPRECATED_OBJC_IMPLEMENTATIONS = YES;
				CLANG_WARN_DIRECT_OBJC_ISA_USAGE = YES_ERROR;
				CLANG_WARN_DOCUMENTATION_COMMENTS = YES;
				CLANG_WARN_EMPTY_BODY = YES;
				CLANG_WARN_ENUM_CONVERSION = YES;
				CLANG_WARN_INFINITE_RECURSION = YES;
				CLANG_WARN_INT_CONVERSION = YES;
				CLANG_WARN_NON_LITERAL_NULL_CONVERSION = YES;
				CLANG_WARN_OBJC_IMPLICIT_RETAIN_SELF = YES;
				CLANG_WARN_OBJC_LITERAL_CONVERSION = YES;
				CLANG_WARN_OBJC_ROOT_CLASS = YES_ERROR;
				CLANG_WARN_QUOTED_INCLUDE_IN_FRAMEWORK_HEADER = YES;
				CLANG_WARN_RANGE_LOOP_ANALYSIS = YES;
				CLANG_WARN_STRICT_PROTOTYPES = YES;
				CLANG_WARN_SUSPICIOUS_MOVE = YES;
				CLANG_WARN_UNGUARDED_AVAILABILITY = YES_AGGRESSIVE;
				CLANG_WARN_UNREACHABLE_CODE = YES;
				CLANG_WARN__DUPLICATE_METHOD_MATCH = YES;
				COPY_PHASE_STRIP = NO;
				DEBUG_INFORMATION_FORMAT = "dwarf-with-dsym";
				ENABLE_NS_ASSERTIONS = NO;
				ENABLE_STRICT_OBJC_MSGSEND = YES;
				ENABLE_USER_SCRIPT_SANDBOXING = YES;
				GCC_C_LANGUAGE_STANDARD = gnu17;
				GCC_NO_COMMON_BLOCKS = YES;
				GCC_WARN_64_TO_32_BIT_CONVERSION = YES;
				GCC_WARN_ABOUT_RETURN_TYPE = YES_ERROR;
				GCC_WARN_UNDECLARED_SELECTOR = YES;
				GCC_WARN_UNINITIALIZED_AUTOS = YES_AGGRESSIVE;
				GCC_WARN_UNUSED_FUNCTION = YES;
				GCC_WARN_UNUSED_VARIABLE = YES;
				IPHONEOS_DEPLOYMENT_TARGET = 17.2;
				LOCALIZATION_PREFERS_STRING_CATALOGS = YES;
				MTL_ENABLE_DEBUG_INFO = NO;
				MTL_FAST_MATH = YES;
				SDKROOT = iphoneos;
				SWIFT_COMPILATION_MODE = wholemodule;
				VALIDATE_PRODUCT = YES;
			};
			name = Release;
		};
		C804E5E12E163516009B312A /* Debug */ = {
			isa = XCBuildConfiguration;
			buildSettings = {
				ASSETCATALOG_COMPILER_APPICON_NAME = AppIcon;
				ASSETCATALOG_COMPILER_GLOBAL_ACCENT_COLOR_NAME = AccentColor;
				CODE_SIGN_STYLE = Automatic;
				CURRENT_PROJECT_VERSION = 1;
				DEVELOPMENT_ASSET_PATHS = "\"ExamenAIT/Preview Content\"";
				ENABLE_PREVIEWS = YES;
				GENERATE_INFOPLIST_FILE = YES;
				INFOPLIST_KEY_UIApplicationSceneManifest_Generation = YES;
				INFOPLIST_KEY_UIApplicationSupportsIndirectInputEvents = YES;
				INFOPLIST_KEY_UILaunchScreen_Generation = YES;
				INFOPLIST_KEY_UISupportedInterfaceOrientations_iPad = "UIInterfaceOrientationPortrait UIInterfaceOrientationPortraitUpsideDown UIInterfaceOrientationLandscapeLeft UIInterfaceOrientationLandscapeRight";
				INFOPLIST_KEY_UISupportedInterfaceOrientations_iPhone = "UIInterfaceOrientationPortrait UIInterfaceOrientationLandscapeLeft UIInterfaceOrientationLandscapeRight";
				LD_RUNPATH_SEARCH_PATHS = (
					"$(inherited)",
					"@executable_path/Frameworks",
				);
				MARKETING_VERSION = 1.0;
				PRODUCT_BUNDLE_IDENTIFIER = com.companyname.ExamenAIT;
				PRODUCT_NAME = "$(TARGET_NAME)";
				SWIFT_EMIT_LOC_STRINGS = YES;
				SWIFT_VERSION = 5.0;
				TARGETED_DEVICE_FAMILY = "1,2";
			};
			name = Debug;
		};
		C804E5E22E163516009B312A /* Release */ = {
			isa = XCBuildConfiguration;
			buildSettings = {
				ASSETCATALOG_COMPILER_APPICON_NAME = AppIcon;
				ASSETCATALOG_COMPILER_GLOBAL_ACCENT_COLOR_NAME = AccentColor;
				CODE_SIGN_STYLE = Automatic;
				CURRENT_PROJECT_VERSION = 1;
				DEVELOPMENT_ASSET_PATHS = "\"ExamenAIT/Preview Content\"";
				ENABLE_PREVIEWS = YES;
				GENERATE_INFOPLIST_FILE = YES;
				INFOPLIST_KEY_UIApplicationSceneManifest_Generation = YES;
				INFOPLIST_KEY_UIApplicationSupportsIndirectInputEvents = YES;
				INFOPLIST_KEY_UILaunchScreen_Generation = YES;
				INFOPLIST_KEY_UISupportedInterfaceOrientations_iPad = "UIInterfaceOrientationPortrait UIInterfaceOrientationPortraitUpsideDown UIInterfaceOrientationLandscapeLeft UIInterfaceOrientationLandscapeRight";
				INFOPLIST_KEY_UISupportedInterfaceOrientations_iPhone = "UIInterfaceOrientationPortrait UIInterfaceOrientationLandscapeLeft UIInterfaceOrientationLandscapeRight";
				LD_RUNPATH_SEARCH_PATHS = (
					"$(inherited)",
					"@executable_path/Frameworks",
				);
				MARKETING_VERSION = 1.0;
				PRODUCT_BUNDLE_IDENTIFIER = com.companyname.ExamenAIT;
				PRODUCT_NAME = "$(TARGET_NAME)";
				SWIFT_EMIT_LOC_STRINGS = YES;
				SWIFT_VERSION = 5.0;
				TARGETED_DEVICE_FAMILY = "1,2";
			};
			name = Release;
		};
		C804E5E42E163516009B312A /* Debug */ = {
			isa = XCBuildConfiguration;
			buildSettings = {
				ALWAYS_EMBED_SWIFT_STANDARD_LIBRARIES = YES;
				BUNDLE_LOADER = "$(TEST_HOST)";
				CODE_SIGN_STYLE = Automatic;
				CURRENT_PROJECT_VERSION = 1;
				GENERATE_INFOPLIST_FILE = YES;
				IPHONEOS_DEPLOYMENT_TARGET = 17.2;
				MARKETING_VERSION = 1.0;
				PRODUCT_BUNDLE_IDENTIFIER = com.companyname.ExamenAITTests;
				PRODUCT_NAME = "$(TARGET_NAME)";
				SWIFT_EMIT_LOC_STRINGS = NO;
				SWIFT_VERSION = 5.0;
				TARGETED_DEVICE_FAMILY = "1,2";
				TEST_HOST = "$(BUILT_PRODUCTS_DIR)/ExamenAIT.app/$(BUNDLE_EXECUTABLE_FOLDER_PATH)/ExamenAIT";
			};
			name = Debug;
		};
		C804E5E52E163516009B312A /* Release */ = {
			isa = XCBuildConfiguration;
			buildSettings = {
				ALWAYS_EMBED_SWIFT_STANDARD_LIBRARIES = YES;
				BUNDLE_LOADER = "$(TEST_HOST)";
				CODE_SIGN_STYLE = Automatic;
				CURRENT_PROJECT_VERSION = 1;
				GENERATE_INFOPLIST_FILE = YES;
				IPHONEOS_DEPLOYMENT_TARGET = 17.2;
				MARKETING_VERSION = 1.0;
				PRODUCT_BUNDLE_IDENTIFIER = com.companyname.ExamenAITTests;
				PRODUCT_NAME = "$(TARGET_NAME)";
				SWIFT_EMIT_LOC_STRINGS = NO;
				SWIFT_VERSION = 5.0;
				TARGETED_DEVICE_FAMILY = "1,2";
				TEST_HOST = "$(BUILT_PRODUCTS_DIR)/ExamenAIT.app/$(BUNDLE_EXECUTABLE_FOLDER_PATH)/ExamenAIT";
			};
			name = Release;
		};
		C804E5E72E163516009B312A /* Debug */ = {
			isa = XCBuildConfiguration;
			buildSettings = {
				ALWAYS_EMBED_SWIFT_STANDARD_LIBRARIES = YES;
				CODE_SIGN_STYLE = Automatic;
				CURRENT_PROJECT_VERSION = 1;
				GENERATE_INFOPLIST_FILE = YES;
				MARKETING_VERSION = 1.0;
				PRODUCT_BUNDLE_IDENTIFIER = com.companyname.ExamenAITUITests;
				PRODUCT_NAME = "$(TARGET_NAME)";
				SWIFT_EMIT_LOC_STRINGS = NO;
				SWIFT_VERSION = 5.0;
				TARGETED_DEVICE_FAMILY = "1,2";
				TEST_TARGET_NAME = ExamenAIT;
			};
			name = Debug;
		};
		C804E5E82E163516009B312A /* Release */ = {
			isa = XCBuildConfiguration;
			buildSettings = {
				ALWAYS_EMBED_SWIFT_STANDARD_LIBRARIES = YES;
				CODE_SIGN_STYLE = Automatic;
				CURRENT_PROJECT_VERSION = 1;
				GENERATE_INFOPLIST_FILE = YES;
				MARKETING_VERSION = 1.0;
				PRODUCT_BUNDLE_IDENTIFIER = com.companyname.ExamenAITUITests;
				PRODUCT_NAME = "$(TARGET_NAME)";
				SWIFT_EMIT_LOC_STRINGS = NO;
				SWIFT_VERSION = 5.0;
				TARGETED_DEVICE_FAMILY = "1,2";
				TEST_TARGET_NAME = ExamenAIT;
			};
			name = Release;
		};
/* End XCBuildConfiguration section */

/* Begin XCConfigurationList section */
		C804E5B72E16350E009B312A /* Build configuration list for PBXProject "ExamenAIT" */ = {
			isa = XCConfigurationList;
			buildConfigurations = (
				C804E5DE2E163516009B312A /* Debug */,
				C804E5DF2E163516009B312A /* Release */,
			);
			defaultConfigurationIsVisible = 0;
			defaultConfigurationName = Release;
		};
		C804E5E02E163516009B312A /* Build configuration list for PBXNativeTarget "ExamenAIT" */ = {
			isa = XCConfigurationList;
			buildConfigurations = (
				C804E5E12E163516009B312A /* Debug */,
				C804E5E22E163516009B312A /* Release */,
			);
			defaultConfigurationIsVisible = 0;
			defaultConfigurationName = Release;
		};
		C804E5E32E163516009B312A /* Build configuration list for PBXNativeTarget "ExamenAITTests" */ = {
			isa = XCConfigurationList;
			buildConfigurations = (
				C804E5E42E163516009B312A /* Debug */,
				C804E5E52E163516009B312A /* Release */,
			);
			defaultConfigurationIsVisible = 0;
			defaultConfigurationName = Release;
		};
		C804E5E62E163516009B312A /* Build configuration list for PBXNativeTarget "ExamenAITUITests" */ = {
			isa = XCConfigurationList;
			buildConfigurations = (
				C804E5E72E163516009B312A /* Debug */,
				C804E5E82E163516009B312A /* Release */,
			);
			defaultConfigurationIsVisible = 0;
			defaultConfigurationName = Release;
		};
/* End XCConfigurationList section */
	};
	rootObject = C804E5B42E16350E009B312A /* Project object */;
}
